// !$*UTF8*$!
{
	archiveVersion = 1;
	classes = {
	};
	objectVersion = 56;
	objects = {

/* Begin PBXBuildFile section */
		88A96A182B3A2187003DE998 /* CountryListView.swift in Sources */ = {isa = PBXBuildFile; fileRef = 88A96A172B3A2187003DE998 /* CountryListView.swift */; };
		88A96A1A2B3A2208003DE998 /* CountryListCell.swift in Sources */ = {isa = PBXBuildFile; fileRef = 88A96A192B3A2208003DE998 /* CountryListCell.swift */; };
		88A96A1D2B3A2266003DE998 /* CountryListViewModel.swift in Sources */ = {isa = PBXBuildFile; fileRef = 88A96A1C2B3A2266003DE998 /* CountryListViewModel.swift */; };
		88A96A202B3A22B9003DE998 /* UIImageView+ImageLoad.swift in Sources */ = {isa = PBXBuildFile; fileRef = 88A96A1F2B3A22B9003DE998 /* UIImageView+ImageLoad.swift */; };
		88A96A222B3A22FC003DE998 /* UIView+Constraints.swift in Sources */ = {isa = PBXBuildFile; fileRef = 88A96A212B3A22FC003DE998 /* UIView+Constraints.swift */; };
		88A96A242B3A231D003DE998 /* NSLayoutConstraint+priority.swift in Sources */ = {isa = PBXBuildFile; fileRef = 88A96A232B3A231D003DE998 /* NSLayoutConstraint+priority.swift */; };
		88A96A262B3A2339003DE998 /* UIEdgeInsets+margins.swift in Sources */ = {isa = PBXBuildFile; fileRef = 88A96A252B3A2339003DE998 /* UIEdgeInsets+margins.swift */; };
		88F686442B245E6100714539 /* AppDelegate.swift in Sources */ = {isa = PBXBuildFile; fileRef = 88F686432B245E6100714539 /* AppDelegate.swift */; };
		88F686462B245E6100714539 /* SceneDelegate.swift in Sources */ = {isa = PBXBuildFile; fileRef = 88F686452B245E6100714539 /* SceneDelegate.swift */; };
		88F686482B245E6100714539 /* CountryListViewController.swift in Sources */ = {isa = PBXBuildFile; fileRef = 88F686472B245E6100714539 /* CountryListViewController.swift */; };
		88F6864D2B245E6200714539 /* Assets.xcassets in Resources */ = {isa = PBXBuildFile; fileRef = 88F6864C2B245E6200714539 /* Assets.xcassets */; };
		88F686502B245E6200714539 /* LaunchScreen.storyboard in Resources */ = {isa = PBXBuildFile; fileRef = 88F6864E2B245E6200714539 /* LaunchScreen.storyboard */; };
		88F6865B2B245E6200714539 /* DemoAppTests.swift in Sources */ = {isa = PBXBuildFile; fileRef = 88F6865A2B245E6200714539 /* DemoAppTests.swift */; };
		88F686652B245E6200714539 /* DemoAppUITests.swift in Sources */ = {isa = PBXBuildFile; fileRef = 88F686642B245E6200714539 /* DemoAppUITests.swift */; };
		88F686672B245E6200714539 /* DemoAppUITestsLaunchTests.swift in Sources */ = {isa = PBXBuildFile; fileRef = 88F686662B245E6200714539 /* DemoAppUITestsLaunchTests.swift */; };
		88F6867C2B24668F00714539 /* Requests.swift in Sources */ = {isa = PBXBuildFile; fileRef = 88F686792B24668F00714539 /* Requests.swift */; };
		88F6867D2B24668F00714539 /* Client.swift in Sources */ = {isa = PBXBuildFile; fileRef = 88F6867A2B24668F00714539 /* Client.swift */; };
/* End PBXBuildFile section */

/* Begin PBXContainerItemProxy section */
		88F686572B245E6200714539 /* PBXContainerItemProxy */ = {
			isa = PBXContainerItemProxy;
			containerPortal = 88F686382B245E6100714539 /* Project object */;
			proxyType = 1;
			remoteGlobalIDString = 88F6863F2B245E6100714539;
			remoteInfo = DemoApp;
		};
		88F686612B245E6200714539 /* PBXContainerItemProxy */ = {
			isa = PBXContainerItemProxy;
			containerPortal = 88F686382B245E6100714539 /* Project object */;
			proxyType = 1;
			remoteGlobalIDString = 88F6863F2B245E6100714539;
			remoteInfo = DemoApp;
		};
/* End PBXContainerItemProxy section */

/* Begin PBXFileReference section */
		88A96A172B3A2187003DE998 /* CountryListView.swift */ = {isa = PBXFileReference; lastKnownFileType = sourcecode.swift; path = CountryListView.swift; sourceTree = "<group>"; };
		88A96A192B3A2208003DE998 /* CountryListCell.swift */ = {isa = PBXFileReference; lastKnownFileType = sourcecode.swift; path = CountryListCell.swift; sourceTree = "<group>"; };
		88A96A1C2B3A2266003DE998 /* CountryListViewModel.swift */ = {isa = PBXFileReference; lastKnownFileType = sourcecode.swift; path = CountryListViewModel.swift; sourceTree = "<group>"; };
		88A96A1F2B3A22B9003DE998 /* UIImageView+ImageLoad.swift */ = {isa = PBXFileReference; lastKnownFileType = sourcecode.swift; path = "UIImageView+ImageLoad.swift"; sourceTree = "<group>"; };
		88A96A212B3A22FC003DE998 /* UIView+Constraints.swift */ = {isa = PBXFileReference; lastKnownFileType = sourcecode.swift; path = "UIView+Constraints.swift"; sourceTree = "<group>"; };
		88A96A232B3A231D003DE998 /* NSLayoutConstraint+priority.swift */ = {isa = PBXFileReference; lastKnownFileType = sourcecode.swift; path = "NSLayoutConstraint+priority.swift"; sourceTree = "<group>"; };
		88A96A252B3A2339003DE998 /* UIEdgeInsets+margins.swift */ = {isa = PBXFileReference; lastKnownFileType = sourcecode.swift; path = "UIEdgeInsets+margins.swift"; sourceTree = "<group>"; };
		88F686402B245E6100714539 /* DemoApp.app */ = {isa = PBXFileReference; explicitFileType = wrapper.application; includeInIndex = 0; path = DemoApp.app; sourceTree = BUILT_PRODUCTS_DIR; };
		88F686432B245E6100714539 /* AppDelegate.swift */ = {isa = PBXFileReference; lastKnownFileType = sourcecode.swift; path = AppDelegate.swift; sourceTree = "<group>"; };
		88F686452B245E6100714539 /* SceneDelegate.swift */ = {isa = PBXFileReference; lastKnownFileType = sourcecode.swift; path = SceneDelegate.swift; sourceTree = "<group>"; };
		88F686472B245E6100714539 /* CountryListViewController.swift */ = {isa = PBXFileReference; lastKnownFileType = sourcecode.swift; path = CountryListViewController.swift; sourceTree = "<group>"; };
		88F6864C2B245E6200714539 /* Assets.xcassets */ = {isa = PBXFileReference; lastKnownFileType = folder.assetcatalog; path = Assets.xcassets; sourceTree = "<group>"; };
		88F6864F2B245E6200714539 /* Base */ = {isa = PBXFileReference; lastKnownFileType = file.storyboard; name = Base; path = Base.lproj/LaunchScreen.storyboard; sourceTree = "<group>"; };
		88F686512B245E6200714539 /* Info.plist */ = {isa = PBXFileReference; lastKnownFileType = text.plist.xml; path = Info.plist; sourceTree = "<group>"; };
		88F686562B245E6200714539 /* DemoAppTests.xctest */ = {isa = PBXFileReference; explicitFileType = wrapper.cfbundle; includeInIndex = 0; path = DemoAppTests.xctest; sourceTree = BUILT_PRODUCTS_DIR; };
		88F6865A2B245E6200714539 /* DemoAppTests.swift */ = {isa = PBXFileReference; lastKnownFileType = sourcecode.swift; path = DemoAppTests.swift; sourceTree = "<group>"; };
		88F686602B245E6200714539 /* DemoAppUITests.xctest */ = {isa = PBXFileReference; explicitFileType = wrapper.cfbundle; includeInIndex = 0; path = DemoAppUITests.xctest; sourceTree = BUILT_PRODUCTS_DIR; };
		88F686642B245E6200714539 /* DemoAppUITests.swift */ = {isa = PBXFileReference; lastKnownFileType = sourcecode.swift; path = DemoAppUITests.swift; sourceTree = "<group>"; };
		88F686662B245E6200714539 /* DemoAppUITestsLaunchTests.swift */ = {isa = PBXFileReference; lastKnownFileType = sourcecode.swift; path = DemoAppUITestsLaunchTests.swift; sourceTree = "<group>"; };
		88F686792B24668F00714539 /* Requests.swift */ = {isa = PBXFileReference; fileEncoding = 4; lastKnownFileType = sourcecode.swift; path = Requests.swift; sourceTree = "<group>"; };
		88F6867A2B24668F00714539 /* Client.swift */ = {isa = PBXFileReference; fileEncoding = 4; lastKnownFileType = sourcecode.swift; path = Client.swift; sourceTree = "<group>"; };
/* End PBXFileReference section */

/* Begin PBXFrameworksBuildPhase section */
		88F6863D2B245E6100714539 /* Frameworks */ = {
			isa = PBXFrameworksBuildPhase;
			buildActionMask = 2147483647;
			files = (
			);
			runOnlyForDeploymentPostprocessing = 0;
		};
		88F686532B245E6200714539 /* Frameworks */ = {
			isa = PBXFrameworksBuildPhase;
			buildActionMask = 2147483647;
			files = (
			);
			runOnlyForDeploymentPostprocessing = 0;
		};
		88F6865D2B245E6200714539 /* Frameworks */ = {
			isa = PBXFrameworksBuildPhase;
			buildActionMask = 2147483647;
			files = (
			);
			runOnlyForDeploymentPostprocessing = 0;
		};
/* End PBXFrameworksBuildPhase section */

/* Begin PBXGroup section */
		88A96A162B3A2155003DE998 /* Views */ = {
			isa = PBXGroup;
			children = (
				88A96A172B3A2187003DE998 /* CountryListView.swift */,
				88A96A192B3A2208003DE998 /* CountryListCell.swift */,
			);
			path = Views;
			sourceTree = "<group>";
		};
		88A96A1B2B3A2246003DE998 /* ViewModel */ = {
			isa = PBXGroup;
			children = (
				88A96A1C2B3A2266003DE998 /* CountryListViewModel.swift */,
			);
			path = ViewModel;
			sourceTree = "<group>";
		};
		88A96A1E2B3A2297003DE998 /* extensions */ = {
			isa = PBXGroup;
			children = (
				88A96A1F2B3A22B9003DE998 /* UIImageView+ImageLoad.swift */,
				88A96A212B3A22FC003DE998 /* UIView+Constraints.swift */,
				88A96A232B3A231D003DE998 /* NSLayoutConstraint+priority.swift */,
				88A96A252B3A2339003DE998 /* UIEdgeInsets+margins.swift */,
			);
			path = extensions;
			sourceTree = "<group>";
		};
		88F686372B245E6100714539 = {
			isa = PBXGroup;
			children = (
				88F686422B245E6100714539 /* DemoApp */,
				88F686592B245E6200714539 /* DemoAppTests */,
				88F686632B245E6200714539 /* DemoAppUITests */,
				88F686412B245E6100714539 /* Products */,
			);
			sourceTree = "<group>";
		};
		88F686412B245E6100714539 /* Products */ = {
			isa = PBXGroup;
			children = (
				88F686402B245E6100714539 /* DemoApp.app */,
				88F686562B245E6200714539 /* DemoAppTests.xctest */,
				88F686602B245E6200714539 /* DemoAppUITests.xctest */,
			);
			name = Products;
			sourceTree = "<group>";
		};
		88F686422B245E6100714539 /* DemoApp */ = {
			isa = PBXGroup;
			children = (
				88A96A1E2B3A2297003DE998 /* extensions */,
				88F686772B2465E500714539 /* Networking */,
				88F686762B24655600714539 /* Features */,
				88F686742B2464E200714539 /* Delegate */,
				88F6864C2B245E6200714539 /* Assets.xcassets */,
				88F6864E2B245E6200714539 /* LaunchScreen.storyboard */,
				88F686512B245E6200714539 /* Info.plist */,
			);
			path = DemoApp;
			sourceTree = "<group>";
		};
		88F686592B245E6200714539 /* DemoAppTests */ = {
			isa = PBXGroup;
			children = (
				88F6865A2B245E6200714539 /* DemoAppTests.swift */,
			);
			path = DemoAppTests;
			sourceTree = "<group>";
		};
		88F686632B245E6200714539 /* DemoAppUITests */ = {
			isa = PBXGroup;
			children = (
				88F686642B245E6200714539 /* DemoAppUITests.swift */,
				88F686662B245E6200714539 /* DemoAppUITestsLaunchTests.swift */,
			);
			path = DemoAppUITests;
			sourceTree = "<group>";
		};
		88F686742B2464E200714539 /* Delegate */ = {
			isa = PBXGroup;
			children = (
				88F686452B245E6100714539 /* SceneDelegate.swift */,
				88F686432B245E6100714539 /* AppDelegate.swift */,
			);
			path = Delegate;
			sourceTree = "<group>";
		};
		88F686752B24654600714539 /* CountryList */ = {
			isa = PBXGroup;
			children = (
				88A96A1B2B3A2246003DE998 /* ViewModel */,
				88A96A162B3A2155003DE998 /* Views */,
				88F686472B245E6100714539 /* CountryListViewController.swift */,
			);
			path = CountryList;
			sourceTree = "<group>";
		};
		88F686762B24655600714539 /* Features */ = {
			isa = PBXGroup;
			children = (
				88F686752B24654600714539 /* CountryList */,
			);
			path = Features;
			sourceTree = "<group>";
		};
		88F686772B2465E500714539 /* Networking */ = {
			isa = PBXGroup;
			children = (
				88F6867A2B24668F00714539 /* Client.swift */,
				88F686792B24668F00714539 /* Requests.swift */,
			);
			path = Networking;
			sourceTree = "<group>";
		};
/* End PBXGroup section */

/* Begin PBXNativeTarget section */
		88F6863F2B245E6100714539 /* DemoApp */ = {
			isa = PBXNativeTarget;
			buildConfigurationList = 88F6866A2B245E6200714539 /* Build configuration list for PBXNativeTarget "DemoApp" */;
			buildPhases = (
				88F6863C2B245E6100714539 /* Sources */,
				88F6863D2B245E6100714539 /* Frameworks */,
				88F6863E2B245E6100714539 /* Resources */,
			);
			buildRules = (
			);
			dependencies = (
			);
			name = DemoApp;
			productName = DemoApp;
			productReference = 88F686402B245E6100714539 /* DemoApp.app */;
			productType = "com.apple.product-type.application";
		};
		88F686552B245E6200714539 /* DemoAppTests */ = {
			isa = PBXNativeTarget;
			buildConfigurationList = 88F6866D2B245E6200714539 /* Build configuration list for PBXNativeTarget "DemoAppTests" */;
			buildPhases = (
				88F686522B245E6200714539 /* Sources */,
				88F686532B245E6200714539 /* Frameworks */,
				88F686542B245E6200714539 /* Resources */,
			);
			buildRules = (
			);
			dependencies = (
				88F686582B245E6200714539 /* PBXTargetDependency */,
			);
			name = DemoAppTests;
			productName = DemoAppTests;
			productReference = 88F686562B245E6200714539 /* DemoAppTests.xctest */;
			productType = "com.apple.product-type.bundle.unit-test";
		};
		88F6865F2B245E6200714539 /* DemoAppUITests */ = {
			isa = PBXNativeTarget;
			buildConfigurationList = 88F686702B245E6200714539 /* Build configuration list for PBXNativeTarget "DemoAppUITests" */;
			buildPhases = (
				88F6865C2B245E6200714539 /* Sources */,
				88F6865D2B245E6200714539 /* Frameworks */,
				88F6865E2B245E6200714539 /* Resources */,
			);
			buildRules = (
			);
			dependencies = (
				88F686622B245E6200714539 /* PBXTargetDependency */,
			);
			name = DemoAppUITests;
			productName = DemoAppUITests;
			productReference = 88F686602B245E6200714539 /* DemoAppUITests.xctest */;
			productType = "com.apple.product-type.bundle.ui-testing";
		};
/* End PBXNativeTarget section */

/* Begin PBXProject section */
		88F686382B245E6100714539 /* Project object */ = {
			isa = PBXProject;
			attributes = {
				BuildIndependentTargetsInParallel = 1;
				LastSwiftUpdateCheck = 1500;
				LastUpgradeCheck = 1500;
				TargetAttributes = {
					88F6863F2B245E6100714539 = {
						CreatedOnToolsVersion = 15.0;
					};
					88F686552B245E6200714539 = {
						CreatedOnToolsVersion = 15.0;
						TestTargetID = 88F6863F2B245E6100714539;
					};
					88F6865F2B245E6200714539 = {
						CreatedOnToolsVersion = 15.0;
						TestTargetID = 88F6863F2B245E6100714539;
					};
				};
			};
			buildConfigurationList = 88F6863B2B245E6100714539 /* Build configuration list for PBXProject "DemoApp" */;
			compatibilityVersion = "Xcode 14.0";
			developmentRegion = en;
			hasScannedForEncodings = 0;
			knownRegions = (
				en,
				Base,
			);
			mainGroup = 88F686372B245E6100714539;
			productRefGroup = 88F686412B245E6100714539 /* Products */;
			projectDirPath = "";
			projectRoot = "";
			targets = (
				88F6863F2B245E6100714539 /* DemoApp */,
				88F686552B245E6200714539 /* DemoAppTests */,
				88F6865F2B245E6200714539 /* DemoAppUITests */,
			);
		};
/* End PBXProject section */

/* Begin PBXResourcesBuildPhase section */
		88F6863E2B245E6100714539 /* Resources */ = {
			isa = PBXResourcesBuildPhase;
			buildActionMask = 2147483647;
			files = (
				88F686502B245E6200714539 /* LaunchScreen.storyboard in Resources */,
				88F6864D2B245E6200714539 /* Assets.xcassets in Resources */,
			);
			runOnlyForDeploymentPostprocessing = 0;
		};
		88F686542B245E6200714539 /* Resources */ = {
			isa = PBXResourcesBuildPhase;
			buildActionMask = 2147483647;
			files = (
			);
			runOnlyForDeploymentPostprocessing = 0;
		};
		88F6865E2B245E6200714539 /* Resources */ = {
			isa = PBXResourcesBuildPhase;
			buildActionMask = 2147483647;
			files = (
			);
			runOnlyForDeploymentPostprocessing = 0;
		};
/* End PBXResourcesBuildPhase section */

/* Begin PBXSourcesBuildPhase section */
		88F6863C2B245E6100714539 /* Sources */ = {
			isa = PBXSourcesBuildPhase;
			buildActionMask = 2147483647;
			files = (
				88F686482B245E6100714539 /* CountryListViewController.swift in Sources */,
				88A96A1D2B3A2266003DE998 /* CountryListViewModel.swift in Sources */,
				88F686442B245E6100714539 /* AppDelegate.swift in Sources */,
				88F6867D2B24668F00714539 /* Client.swift in Sources */,
				88F6867C2B24668F00714539 /* Requests.swift in Sources */,
				88A96A242B3A231D003DE998 /* NSLayoutConstraint+priority.swift in Sources */,
				88A96A262B3A2339003DE998 /* UIEdgeInsets+margins.swift in Sources */,
				88A96A1A2B3A2208003DE998 /* CountryListCell.swift in Sources */,
				88F686462B245E6100714539 /* SceneDelegate.swift in Sources */,
				88A96A222B3A22FC003DE998 /* UIView+Constraints.swift in Sources */,
				88A96A202B3A22B9003DE998 /* UIImageView+ImageLoad.swift in Sources */,
				88A96A182B3A2187003DE998 /* CountryListView.swift in Sources */,
			);
			runOnlyForDeploymentPostprocessing = 0;
		};
		88F686522B245E6200714539 /* Sources */ = {
			isa = PBXSourcesBuildPhase;
			buildActionMask = 2147483647;
			files = (
				88F6865B2B245E6200714539 /* DemoAppTests.swift in Sources */,
			);
			runOnlyForDeploymentPostprocessing = 0;
		};
		88F6865C2B245E6200714539 /* Sources */ = {
			isa = PBXSourcesBuildPhase;
			buildActionMask = 2147483647;
			files = (
				88F686652B245E6200714539 /* DemoAppUITests.swift in Sources */,
				88F686672B245E6200714539 /* DemoAppUITestsLaunchTests.swift in Sources */,
			);
			runOnlyForDeploymentPostprocessing = 0;
		};
/* End PBXSourcesBuildPhase section */

/* Begin PBXTargetDependency section */
		88F686582B245E6200714539 /* PBXTargetDependency */ = {
			isa = PBXTargetDependency;
			target = 88F6863F2B245E6100714539 /* DemoApp */;
			targetProxy = 88F686572B245E6200714539 /* PBXContainerItemProxy */;
		};
		88F686622B245E6200714539 /* PBXTargetDependency */ = {
			isa = PBXTargetDependency;
			target = 88F6863F2B245E6100714539 /* DemoApp */;
			targetProxy = 88F686612B245E6200714539 /* PBXContainerItemProxy */;
		};
/* End PBXTargetDependency section */

/* Begin PBXVariantGroup section */
		88F6864E2B245E6200714539 /* LaunchScreen.storyboard */ = {
			isa = PBXVariantGroup;
			children = (
				88F6864F2B245E6200714539 /* Base */,
			);
			name = LaunchScreen.storyboard;
			sourceTree = "<group>";
		};
/* End PBXVariantGroup section */

/* Begin XCBuildConfiguration section */
		88F686682B245E6200714539 /* Debug */ = {
			isa = XCBuildConfiguration;
			buildSettings = {
				ALWAYS_SEARCH_USER_PATHS = NO;
				ASSETCATALOG_COMPILER_GENERATE_SWIFT_ASSET_SYMBOL_EXTENSIONS = YES;
				CLANG_ANALYZER_NONNULL = YES;
				CLANG_ANALYZER_NUMBER_OBJECT_CONVERSION = YES_AGGRESSIVE;
				CLANG_CXX_LANGUAGE_STANDARD = "gnu++20";
				CLANG_ENABLE_MODULES = YES;
				CLANG_ENABLE_OBJC_ARC = YES;
				CLANG_ENABLE_OBJC_WEAK = YES;
				CLANG_WARN_BLOCK_CAPTURE_AUTORELEASING = YES;
				CLANG_WARN_BOOL_CONVERSION = YES;
				CLANG_WARN_COMMA = YES;
				CLANG_WARN_CONSTANT_CONVERSION = YES;
				CLANG_WARN_DEPRECATED_OBJC_IMPLEMENTATIONS = YES;
				CLANG_WARN_DIRECT_OBJC_ISA_USAGE = YES_ERROR;
				CLANG_WARN_DOCUMENTATION_COMMENTS = YES;
				CLANG_WARN_EMPTY_BODY = YES;
				CLANG_WARN_ENUM_CONVERSION = YES;
				CLANG_WARN_INFINITE_RECURSION = YES;
				CLANG_WARN_INT_CONVERSION = YES;
				CLANG_WARN_NON_LITERAL_NULL_CONVERSION = YES;
				CLANG_WARN_OBJC_IMPLICIT_RETAIN_SELF = YES;
				CLANG_WARN_OBJC_LITERAL_CONVERSION = YES;
				CLANG_WARN_OBJC_ROOT_CLASS = YES_ERROR;
				CLANG_WARN_QUOTED_INCLUDE_IN_FRAMEWORK_HEADER = YES;
				CLANG_WARN_RANGE_LOOP_ANALYSIS = YES;
				CLANG_WARN_STRICT_PROTOTYPES = YES;
				CLANG_WARN_SUSPICIOUS_MOVE = YES;
				CLANG_WARN_UNGUARDED_AVAILABILITY = YES_AGGRESSIVE;
				CLANG_WARN_UNREACHABLE_CODE = YES;
				CLANG_WARN__DUPLICATE_METHOD_MATCH = YES;
				COPY_PHASE_STRIP = NO;
				DEBUG_INFORMATION_FORMAT = dwarf;
				ENABLE_STRICT_OBJC_MSGSEND = YES;
				ENABLE_TESTABILITY = YES;
				ENABLE_USER_SCRIPT_SANDBOXING = YES;
				GCC_C_LANGUAGE_STANDARD = gnu17;
				GCC_DYNAMIC_NO_PIC = NO;
				GCC_NO_COMMON_BLOCKS = YES;
				GCC_OPTIMIZATION_LEVEL = 0;
				GCC_PREPROCESSOR_DEFINITIONS = (
					"DEBUG=1",
					"$(inherited)",
				);
				GCC_WARN_64_TO_32_BIT_CONVERSION = YES;
				GCC_WARN_ABOUT_RETURN_TYPE = YES_ERROR;
				GCC_WARN_UNDECLARED_SELECTOR = YES;
				GCC_WARN_UNINITIALIZED_AUTOS = YES_AGGRESSIVE;
				GCC_WARN_UNUSED_FUNCTION = YES;
				GCC_WARN_UNUSED_VARIABLE = YES;
				IPHONEOS_DEPLOYMENT_TARGET = 17.0;
				LOCALIZATION_PREFERS_STRING_CATALOGS = YES;
				MTL_ENABLE_DEBUG_INFO = INCLUDE_SOURCE;
				MTL_FAST_MATH = YES;
				ONLY_ACTIVE_ARCH = YES;
				SDKROOT = iphoneos;
				SWIFT_ACTIVE_COMPILATION_CONDITIONS = "DEBUG $(inherited)";
				SWIFT_OPTIMIZATION_LEVEL = "-Onone";
			};
			name = Debug;
		};
		88F686692B245E6200714539 /* Release */ = {
			isa = XCBuildConfiguration;
			buildSettings = {
				ALWAYS_SEARCH_USER_PATHS = NO;
				ASSETCATALOG_COMPILER_GENERATE_SWIFT_ASSET_SYMBOL_EXTENSIONS = YES;
				CLANG_ANALYZER_NONNULL = YES;
				CLANG_ANALYZER_NUMBER_OBJECT_CONVERSION = YES_AGGRESSIVE;
				CLANG_CXX_LANGUAGE_STANDARD = "gnu++20";
				CLANG_ENABLE_MODULES = YES;
				CLANG_ENABLE_OBJC_ARC = YES;
				CLANG_ENABLE_OBJC_WEAK = YES;
				CLANG_WARN_BLOCK_CAPTURE_AUTORELEASING = YES;
				CLANG_WARN_BOOL_CONVERSION = YES;
				CLANG_WARN_COMMA = YES;
				CLANG_WARN_CONSTANT_CONVERSION = YES;
				CLANG_WARN_DEPRECATED_OBJC_IMPLEMENTATIONS = YES;
				CLANG_WARN_DIRECT_OBJC_ISA_USAGE = YES_ERROR;
				CLANG_WARN_DOCUMENTATION_COMMENTS = YES;
				CLANG_WARN_EMPTY_BODY = YES;
				CLANG_WARN_ENUM_CONVERSION = YES;
				CLANG_WARN_INFINITE_RECURSION = YES;
				CLANG_WARN_INT_CONVERSION = YES;
				CLANG_WARN_NON_LITERAL_NULL_CONVERSION = YES;
				CLANG_WARN_OBJC_IMPLICIT_RETAIN_SELF = YES;
				CLANG_WARN_OBJC_LITERAL_CONVERSION = YES;
				CLANG_WARN_OBJC_ROOT_CLASS = YES_ERROR;
				CLANG_WARN_QUOTED_INCLUDE_IN_FRAMEWORK_HEADER = YES;
				CLANG_WARN_RANGE_LOOP_ANALYSIS = YES;
				CLANG_WARN_STRICT_PROTOTYPES = YES;
				CLANG_WARN_SUSPICIOUS_MOVE = YES;
				CLANG_WARN_UNGUARDED_AVAILABILITY = YES_AGGRESSIVE;
				CLANG_WARN_UNREACHABLE_CODE = YES;
				CLANG_WARN__DUPLICATE_METHOD_MATCH = YES;
				COPY_PHASE_STRIP = NO;
				DEBUG_INFORMATION_FORMAT = "dwarf-with-dsym";
				ENABLE_NS_ASSERTIONS = NO;
				ENABLE_STRICT_OBJC_MSGSEND = YES;
				ENABLE_USER_SCRIPT_SANDBOXING = YES;
				GCC_C_LANGUAGE_STANDARD = gnu17;
				GCC_NO_COMMON_BLOCKS = YES;
				GCC_WARN_64_TO_32_BIT_CONVERSION = YES;
				GCC_WARN_ABOUT_RETURN_TYPE = YES_ERROR;
				GCC_WARN_UNDECLARED_SELECTOR = YES;
				GCC_WARN_UNINITIALIZED_AUTOS = YES_AGGRESSIVE;
				GCC_WARN_UNUSED_FUNCTION = YES;
				GCC_WARN_UNUSED_VARIABLE = YES;
				IPHONEOS_DEPLOYMENT_TARGET = 17.0;
				LOCALIZATION_PREFERS_STRING_CATALOGS = YES;
				MTL_ENABLE_DEBUG_INFO = NO;
				MTL_FAST_MATH = YES;
				SDKROOT = iphoneos;
				SWIFT_COMPILATION_MODE = wholemodule;
				VALIDATE_PRODUCT = YES;
			};
			name = Release;
		};
		88F6866B2B245E6200714539 /* Debug */ = {
			isa = XCBuildConfiguration;
			buildSettings = {
				ASSETCATALOG_COMPILER_APPICON_NAME = AppIcon;
				ASSETCATALOG_COMPILER_GLOBAL_ACCENT_COLOR_NAME = AccentColor;
				CODE_SIGN_STYLE = Automatic;
				CURRENT_PROJECT_VERSION = 1;
				DEVELOPMENT_TEAM = 5MPMQJX69W;
				GENERATE_INFOPLIST_FILE = YES;
				INFOPLIST_FILE = DemoApp/Info.plist;
				INFOPLIST_KEY_UIApplicationSupportsIndirectInputEvents = YES;
				INFOPLIST_KEY_UILaunchStoryboardName = LaunchScreen;
				INFOPLIST_KEY_UISupportedInterfaceOrientations_iPad = "UIInterfaceOrientationPortrait UIInterfaceOrientationPortraitUpsideDown UIInterfaceOrientationLandscapeLeft UIInterfaceOrientationLandscapeRight";
				INFOPLIST_KEY_UISupportedInterfaceOrientations_iPhone = "UIInterfaceOrientationPortrait UIInterfaceOrientationLandscapeLeft UIInterfaceOrientationLandscapeRight";
				LD_RUNPATH_SEARCH_PATHS = (
					"$(inherited)",
					"@executable_path/Frameworks",
				);
				MARKETING_VERSION = 1.0;
				PRODUCT_BUNDLE_IDENTIFIER = com.sdt.DemoApp;
				PRODUCT_NAME = "$(TARGET_NAME)";
				SWIFT_EMIT_LOC_STRINGS = YES;
				SWIFT_VERSION = 5.0;
				TARGETED_DEVICE_FAMILY = "1,2";
			};
			name = Debug;
		};
		88F6866C2B245E6200714539 /* Release */ = {
			isa = XCBuildConfiguration;
			buildSettings = {
				ASSETCATALOG_COMPILER_APPICON_NAME = AppIcon;
				ASSETCATALOG_COMPILER_GLOBAL_ACCENT_COLOR_NAME = AccentColor;
				CODE_SIGN_STYLE = Automatic;
				CURRENT_PROJECT_VERSION = 1;
				DEVELOPMENT_TEAM = 5MPMQJX69W;
				GENERATE_INFOPLIST_FILE = YES;
				INFOPLIST_FILE = DemoApp/Info.plist;
				INFOPLIST_KEY_UIApplicationSupportsIndirectInputEvents = YES;
				INFOPLIST_KEY_UILaunchStoryboardName = LaunchScreen;
				INFOPLIST_KEY_UISupportedInterfaceOrientations_iPad = "UIInterfaceOrientationPortrait UIInterfaceOrientationPortraitUpsideDown UIInterfaceOrientationLandscapeLeft UIInterfaceOrientationLandscapeRight";
				INFOPLIST_KEY_UISupportedInterfaceOrientations_iPhone = "UIInterfaceOrientationPortrait UIInterfaceOrientationLandscapeLeft UIInterfaceOrientationLandscapeRight";
				LD_RUNPATH_SEARCH_PATHS = (
					"$(inherited)",
					"@executable_path/Frameworks",
				);
				MARKETING_VERSION = 1.0;
				PRODUCT_BUNDLE_IDENTIFIER = com.sdt.DemoApp;
				PRODUCT_NAME = "$(TARGET_NAME)";
				SWIFT_EMIT_LOC_STRINGS = YES;
				SWIFT_VERSION = 5.0;
				TARGETED_DEVICE_FAMILY = "1,2";
			};
			name = Release;
		};
		88F6866E2B245E6200714539 /* Debug */ = {
			isa = XCBuildConfiguration;
			buildSettings = {
				ALWAYS_EMBED_SWIFT_STANDARD_LIBRARIES = YES;
				BUNDLE_LOADER = "$(TEST_HOST)";
				CODE_SIGN_STYLE = Automatic;
				CURRENT_PROJECT_VERSION = 1;
				DEVELOPMENT_TEAM = 5MPMQJX69W;
				GENERATE_INFOPLIST_FILE = YES;
				IPHONEOS_DEPLOYMENT_TARGET = 17.0;
				MARKETING_VERSION = 1.0;
				PRODUCT_BUNDLE_IDENTIFIER = com.sdt.DemoAppTests;
				PRODUCT_NAME = "$(TARGET_NAME)";
				SWIFT_EMIT_LOC_STRINGS = NO;
				SWIFT_VERSION = 5.0;
				TARGETED_DEVICE_FAMILY = "1,2";
				TEST_HOST = "$(BUILT_PRODUCTS_DIR)/DemoApp.app/$(BUNDLE_EXECUTABLE_FOLDER_PATH)/DemoApp";
			};
			name = Debug;
		};
		88F6866F2B245E6200714539 /* Release */ = {
			isa = XCBuildConfiguration;
			buildSettings = {
				ALWAYS_EMBED_SWIFT_STANDARD_LIBRARIES = YES;
				BUNDLE_LOADER = "$(TEST_HOST)";
				CODE_SIGN_STYLE = Automatic;
				CURRENT_PROJECT_VERSION = 1;
				DEVELOPMENT_TEAM = 5MPMQJX69W;
				GENERATE_INFOPLIST_FILE = YES;
				IPHONEOS_DEPLOYMENT_TARGET = 17.0;
				MARKETING_VERSION = 1.0;
				PRODUCT_BUNDLE_IDENTIFIER = com.sdt.DemoAppTests;
				PRODUCT_NAME = "$(TARGET_NAME)";
				SWIFT_EMIT_LOC_STRINGS = NO;
				SWIFT_VERSION = 5.0;
				TARGETED_DEVICE_FAMILY = "1,2";
				TEST_HOST = "$(BUILT_PRODUCTS_DIR)/DemoApp.app/$(BUNDLE_EXECUTABLE_FOLDER_PATH)/DemoApp";
			};
			name = Release;
		};
		88F686712B245E6200714539 /* Debug */ = {
			isa = XCBuildConfiguration;
			buildSettings = {
				ALWAYS_EMBED_SWIFT_STANDARD_LIBRARIES = YES;
				CODE_SIGN_STYLE = Automatic;
				CURRENT_PROJECT_VERSION = 1;
				DEVELOPMENT_TEAM = 5MPMQJX69W;
				GENERATE_INFOPLIST_FILE = YES;
				MARKETING_VERSION = 1.0;
				PRODUCT_BUNDLE_IDENTIFIER = com.sdt.DemoAppUITests;
				PRODUCT_NAME = "$(TARGET_NAME)";
				SWIFT_EMIT_LOC_STRINGS = NO;
				SWIFT_VERSION = 5.0;
				TARGETED_DEVICE_FAMILY = "1,2";
				TEST_TARGET_NAME = DemoApp;
			};
			name = Debug;
		};
		88F686722B245E6200714539 /* Release */ = {
			isa = XCBuildConfiguration;
			buildSettings = {
				ALWAYS_EMBED_SWIFT_STANDARD_LIBRARIES = YES;
				CODE_SIGN_STYLE = Automatic;
				CURRENT_PROJECT_VERSION = 1;
				DEVELOPMENT_TEAM = 5MPMQJX69W;
				GENERATE_INFOPLIST_FILE = YES;
				MARKETING_VERSION = 1.0;
				PRODUCT_BUNDLE_IDENTIFIER = com.sdt.DemoAppUITests;
				PRODUCT_NAME = "$(TARGET_NAME)";
				SWIFT_EMIT_LOC_STRINGS = NO;
				SWIFT_VERSION = 5.0;
				TARGETED_DEVICE_FAMILY = "1,2";
				TEST_TARGET_NAME = DemoApp;
			};
			name = Release;
		};
/* End XCBuildConfiguration section */

/* Begin XCConfigurationList section */
		88F6863B2B245E6100714539 /* Build configuration list for PBXProject "DemoApp" */ = {
			isa = XCConfigurationList;
			buildConfigurations = (
				88F686682B245E6200714539 /* Debug */,
				88F686692B245E6200714539 /* Release */,
			);
			defaultConfigurationIsVisible = 0;
			defaultConfigurationName = Release;
		};
		88F6866A2B245E6200714539 /* Build configuration list for PBXNativeTarget "DemoApp" */ = {
			isa = XCConfigurationList;
			buildConfigurations = (
				88F6866B2B245E6200714539 /* Debug */,
				88F6866C2B245E6200714539 /* Release */,
			);
			defaultConfigurationIsVisible = 0;
			defaultConfigurationName = Release;
		};
		88F6866D2B245E6200714539 /* Build configuration list for PBXNativeTarget "DemoAppTests" */ = {
			isa = XCConfigurationList;
			buildConfigurations = (
				88F6866E2B245E6200714539 /* Debug */,
				88F6866F2B245E6200714539 /* Release */,
			);
			defaultConfigurationIsVisible = 0;
			defaultConfigurationName = Release;
		};
		88F686702B245E6200714539 /* Build configuration list for PBXNativeTarget "DemoAppUITests" */ = {
			isa = XCConfigurationList;
			buildConfigurations = (
				88F686712B245E6200714539 /* Debug */,
				88F686722B245E6200714539 /* Release */,
			);
			defaultConfigurationIsVisible = 0;
			defaultConfigurationName = Release;
		};
/* End XCConfigurationList section */
	};
	rootObject = 88F686382B245E6100714539 /* Project object */;
}
